// !$*UTF8*$!
{
	archiveVersion = 1;
	classes = {
	};
	objectVersion = 50;
	objects = {

/* Begin PBXBuildFile section */
		1AF9BBB021C5D0AC005BD397 /* AppDelegate.swift in Sources */ = {isa = PBXBuildFile; fileRef = 1AF9BBAF21C5D0AC005BD397 /* AppDelegate.swift */; };
		1AF9BBB221C5D0AC005BD397 /* ViewController.swift in Sources */ = {isa = PBXBuildFile; fileRef = 1AF9BBB121C5D0AC005BD397 /* ViewController.swift */; };
		1AF9BBB521C5D0AC005BD397 /* Main.storyboard in Resources */ = {isa = PBXBuildFile; fileRef = 1AF9BBB321C5D0AC005BD397 /* Main.storyboard */; };
		1AF9BBB821C5D0AC005BD397 /* WeatherForecasting.xcdatamodeld in Sources */ = {isa = PBXBuildFile; fileRef = 1AF9BBB621C5D0AC005BD397 /* WeatherForecasting.xcdatamodeld */; };
		1AF9BBBA21C5D0AE005BD397 /* Assets.xcassets in Resources */ = {isa = PBXBuildFile; fileRef = 1AF9BBB921C5D0AE005BD397 /* Assets.xcassets */; };
		1AF9BBBD21C5D0AE005BD397 /* LaunchScreen.storyboard in Resources */ = {isa = PBXBuildFile; fileRef = 1AF9BBBB21C5D0AE005BD397 /* LaunchScreen.storyboard */; };
		1AF9BBC821C5D0AE005BD397 /* WeatherForecastingTests.swift in Sources */ = {isa = PBXBuildFile; fileRef = 1AF9BBC721C5D0AE005BD397 /* WeatherForecastingTests.swift */; };
		1AF9BBD321C5D0AE005BD397 /* WeatherForecastingUITests.swift in Sources */ = {isa = PBXBuildFile; fileRef = 1AF9BBD221C5D0AE005BD397 /* WeatherForecastingUITests.swift */; };
/* End PBXBuildFile section */

/* Begin PBXContainerItemProxy section */
		1AF9BBC421C5D0AE005BD397 /* PBXContainerItemProxy */ = {
			isa = PBXContainerItemProxy;
			containerPortal = 1AF9BBA421C5D0AC005BD397 /* Project object */;
			proxyType = 1;
			remoteGlobalIDString = 1AF9BBAB21C5D0AC005BD397;
			remoteInfo = WeatherForecasting;
		};
		1AF9BBCF21C5D0AE005BD397 /* PBXContainerItemProxy */ = {
			isa = PBXContainerItemProxy;
			containerPortal = 1AF9BBA421C5D0AC005BD397 /* Project object */;
			proxyType = 1;
			remoteGlobalIDString = 1AF9BBAB21C5D0AC005BD397;
			remoteInfo = WeatherForecasting;
		};
/* End PBXContainerItemProxy section */

/* Begin PBXFileReference section */
		1AF9BBAC21C5D0AC005BD397 /* WeatherForecasting.app */ = {isa = PBXFileReference; explicitFileType = wrapper.application; includeInIndex = 0; path = WeatherForecasting.app; sourceTree = BUILT_PRODUCTS_DIR; };
		1AF9BBAF21C5D0AC005BD397 /* AppDelegate.swift */ = {isa = PBXFileReference; lastKnownFileType = sourcecode.swift; path = AppDelegate.swift; sourceTree = "<group>"; };
		1AF9BBB121C5D0AC005BD397 /* ViewController.swift */ = {isa = PBXFileReference; lastKnownFileType = sourcecode.swift; path = ViewController.swift; sourceTree = "<group>"; };
		1AF9BBB421C5D0AC005BD397 /* Base */ = {isa = PBXFileReference; lastKnownFileType = file.storyboard; name = Base; path = Base.lproj/Main.storyboard; sourceTree = "<group>"; };
		1AF9BBB721C5D0AC005BD397 /* WeatherForecasting.xcdatamodel */ = {isa = PBXFileReference; lastKnownFileType = wrapper.xcdatamodel; path = WeatherForecasting.xcdatamodel; sourceTree = "<group>"; };
		1AF9BBB921C5D0AE005BD397 /* Assets.xcassets */ = {isa = PBXFileReference; lastKnownFileType = folder.assetcatalog; path = Assets.xcassets; sourceTree = "<group>"; };
		1AF9BBBC21C5D0AE005BD397 /* Base */ = {isa = PBXFileReference; lastKnownFileType = file.storyboard; name = Base; path = Base.lproj/LaunchScreen.storyboard; sourceTree = "<group>"; };
		1AF9BBBE21C5D0AE005BD397 /* Info.plist */ = {isa = PBXFileReference; lastKnownFileType = text.plist.xml; path = Info.plist; sourceTree = "<group>"; };
		1AF9BBC321C5D0AE005BD397 /* WeatherForecastingTests.xctest */ = {isa = PBXFileReference; explicitFileType = wrapper.cfbundle; includeInIndex = 0; path = WeatherForecastingTests.xctest; sourceTree = BUILT_PRODUCTS_DIR; };
		1AF9BBC721C5D0AE005BD397 /* WeatherForecastingTests.swift */ = {isa = PBXFileReference; lastKnownFileType = sourcecode.swift; path = WeatherForecastingTests.swift; sourceTree = "<group>"; };
		1AF9BBC921C5D0AE005BD397 /* Info.plist */ = {isa = PBXFileReference; lastKnownFileType = text.plist.xml; path = Info.plist; sourceTree = "<group>"; };
		1AF9BBCE21C5D0AE005BD397 /* WeatherForecastingUITests.xctest */ = {isa = PBXFileReference; explicitFileType = wrapper.cfbundle; includeInIndex = 0; path = WeatherForecastingUITests.xctest; sourceTree = BUILT_PRODUCTS_DIR; };
		1AF9BBD221C5D0AE005BD397 /* WeatherForecastingUITests.swift */ = {isa = PBXFileReference; lastKnownFileType = sourcecode.swift; path = WeatherForecastingUITests.swift; sourceTree = "<group>"; };
		1AF9BBD421C5D0AE005BD397 /* Info.plist */ = {isa = PBXFileReference; lastKnownFileType = text.plist.xml; path = Info.plist; sourceTree = "<group>"; };
/* End PBXFileReference section */

/* Begin PBXFrameworksBuildPhase section */
		1AF9BBA921C5D0AC005BD397 /* Frameworks */ = {
			isa = PBXFrameworksBuildPhase;
			buildActionMask = 2147483647;
			files = (
			);
			runOnlyForDeploymentPostprocessing = 0;
		};
		1AF9BBC021C5D0AE005BD397 /* Frameworks */ = {
			isa = PBXFrameworksBuildPhase;
			buildActionMask = 2147483647;
			files = (
			);
			runOnlyForDeploymentPostprocessing = 0;
		};
		1AF9BBCB21C5D0AE005BD397 /* Frameworks */ = {
			isa = PBXFrameworksBuildPhase;
			buildActionMask = 2147483647;
			files = (
			);
			runOnlyForDeploymentPostprocessing = 0;
		};
/* End PBXFrameworksBuildPhase section */

/* Begin PBXGroup section */
		1AF9BBA321C5D0AC005BD397 = {
			isa = PBXGroup;
			children = (
				1AF9BBAE21C5D0AC005BD397 /* WeatherForecasting */,
				1AF9BBC621C5D0AE005BD397 /* WeatherForecastingTests */,
				1AF9BBD121C5D0AE005BD397 /* WeatherForecastingUITests */,
				1AF9BBAD21C5D0AC005BD397 /* Products */,
			);
			sourceTree = "<group>";
		};
		1AF9BBAD21C5D0AC005BD397 /* Products */ = {
			isa = PBXGroup;
			children = (
				1AF9BBAC21C5D0AC005BD397 /* WeatherForecasting.app */,
				1AF9BBC321C5D0AE005BD397 /* WeatherForecastingTests.xctest */,
				1AF9BBCE21C5D0AE005BD397 /* WeatherForecastingUITests.xctest */,
			);
			name = Products;
			sourceTree = "<group>";
		};
		1AF9BBAE21C5D0AC005BD397 /* WeatherForecasting */ = {
			isa = PBXGroup;
			children = (
				1AF9BBAF21C5D0AC005BD397 /* AppDelegate.swift */,
				1AF9BBB121C5D0AC005BD397 /* ViewController.swift */,
				1AF9BBB321C5D0AC005BD397 /* Main.storyboard */,
				1AF9BBB921C5D0AE005BD397 /* Assets.xcassets */,
				1AF9BBBB21C5D0AE005BD397 /* LaunchScreen.storyboard */,
				1AF9BBBE21C5D0AE005BD397 /* Info.plist */,
				1AF9BBB621C5D0AC005BD397 /* WeatherForecasting.xcdatamodeld */,
			);
			path = WeatherForecasting;
			sourceTree = "<group>";
		};
		1AF9BBC621C5D0AE005BD397 /* WeatherForecastingTests */ = {
			isa = PBXGroup;
			children = (
				1AF9BBC721C5D0AE005BD397 /* WeatherForecastingTests.swift */,
				1AF9BBC921C5D0AE005BD397 /* Info.plist */,
			);
			path = WeatherForecastingTests;
			sourceTree = "<group>";
		};
		1AF9BBD121C5D0AE005BD397 /* WeatherForecastingUITests */ = {
			isa = PBXGroup;
			children = (
				1AF9BBD221C5D0AE005BD397 /* WeatherForecastingUITests.swift */,
				1AF9BBD421C5D0AE005BD397 /* Info.plist */,
			);
			path = WeatherForecastingUITests;
			sourceTree = "<group>";
		};
/* End PBXGroup section */

/* Begin PBXNativeTarget section */
		1AF9BBAB21C5D0AC005BD397 /* WeatherForecasting */ = {
			isa = PBXNativeTarget;
			buildConfigurationList = 1AF9BBD721C5D0AF005BD397 /* Build configuration list for PBXNativeTarget "WeatherForecasting" */;
			buildPhases = (
				1AF9BBA821C5D0AC005BD397 /* Sources */,
				1AF9BBA921C5D0AC005BD397 /* Frameworks */,
				1AF9BBAA21C5D0AC005BD397 /* Resources */,
			);
			buildRules = (
			);
			dependencies = (
			);
			name = WeatherForecasting;
			productName = WeatherForecasting;
			productReference = 1AF9BBAC21C5D0AC005BD397 /* WeatherForecasting.app */;
			productType = "com.apple.product-type.application";
		};
		1AF9BBC221C5D0AE005BD397 /* WeatherForecastingTests */ = {
			isa = PBXNativeTarget;
			buildConfigurationList = 1AF9BBDA21C5D0AF005BD397 /* Build configuration list for PBXNativeTarget "WeatherForecastingTests" */;
			buildPhases = (
				1AF9BBBF21C5D0AE005BD397 /* Sources */,
				1AF9BBC021C5D0AE005BD397 /* Frameworks */,
				1AF9BBC121C5D0AE005BD397 /* Resources */,
			);
			buildRules = (
			);
			dependencies = (
				1AF9BBC521C5D0AE005BD397 /* PBXTargetDependency */,
			);
			name = WeatherForecastingTests;
			productName = WeatherForecastingTests;
			productReference = 1AF9BBC321C5D0AE005BD397 /* WeatherForecastingTests.xctest */;
			productType = "com.apple.product-type.bundle.unit-test";
		};
		1AF9BBCD21C5D0AE005BD397 /* WeatherForecastingUITests */ = {
			isa = PBXNativeTarget;
			buildConfigurationList = 1AF9BBDD21C5D0AF005BD397 /* Build configuration list for PBXNativeTarget "WeatherForecastingUITests" */;
			buildPhases = (
				1AF9BBCA21C5D0AE005BD397 /* Sources */,
				1AF9BBCB21C5D0AE005BD397 /* Frameworks */,
				1AF9BBCC21C5D0AE005BD397 /* Resources */,
			);
			buildRules = (
			);
			dependencies = (
				1AF9BBD021C5D0AE005BD397 /* PBXTargetDependency */,
			);
			name = WeatherForecastingUITests;
			productName = WeatherForecastingUITests;
			productReference = 1AF9BBCE21C5D0AE005BD397 /* WeatherForecastingUITests.xctest */;
			productType = "com.apple.product-type.bundle.ui-testing";
		};
/* End PBXNativeTarget section */

/* Begin PBXProject section */
		1AF9BBA421C5D0AC005BD397 /* Project object */ = {
			isa = PBXProject;
			attributes = {
				LastSwiftUpdateCheck = 1010;
				LastUpgradeCheck = 1010;
				ORGANIZATIONNAME = "José Victor Pereira Costa";
				TargetAttributes = {
					1AF9BBAB21C5D0AC005BD397 = {
						CreatedOnToolsVersion = 10.1;
					};
					1AF9BBC221C5D0AE005BD397 = {
						CreatedOnToolsVersion = 10.1;
						TestTargetID = 1AF9BBAB21C5D0AC005BD397;
					};
					1AF9BBCD21C5D0AE005BD397 = {
						CreatedOnToolsVersion = 10.1;
						TestTargetID = 1AF9BBAB21C5D0AC005BD397;
					};
				};
			};
			buildConfigurationList = 1AF9BBA721C5D0AC005BD397 /* Build configuration list for PBXProject "WeatherForecasting" */;
			compatibilityVersion = "Xcode 9.3";
			developmentRegion = en;
			hasScannedForEncodings = 0;
			knownRegions = (
				en,
				Base,
			);
			mainGroup = 1AF9BBA321C5D0AC005BD397;
			productRefGroup = 1AF9BBAD21C5D0AC005BD397 /* Products */;
			projectDirPath = "";
			projectRoot = "";
			targets = (
				1AF9BBAB21C5D0AC005BD397 /* WeatherForecasting */,
				1AF9BBC221C5D0AE005BD397 /* WeatherForecastingTests */,
				1AF9BBCD21C5D0AE005BD397 /* WeatherForecastingUITests */,
			);
		};
/* End PBXProject section */

/* Begin PBXResourcesBuildPhase section */
		1AF9BBAA21C5D0AC005BD397 /* Resources */ = {
			isa = PBXResourcesBuildPhase;
			buildActionMask = 2147483647;
			files = (
				1AF9BBBD21C5D0AE005BD397 /* LaunchScreen.storyboard in Resources */,
				1AF9BBBA21C5D0AE005BD397 /* Assets.xcassets in Resources */,
				1AF9BBB521C5D0AC005BD397 /* Main.storyboard in Resources */,
			);
			runOnlyForDeploymentPostprocessing = 0;
		};
		1AF9BBC121C5D0AE005BD397 /* Resources */ = {
			isa = PBXResourcesBuildPhase;
			buildActionMask = 2147483647;
			files = (
			);
			runOnlyForDeploymentPostprocessing = 0;
		};
		1AF9BBCC21C5D0AE005BD397 /* Resources */ = {
			isa = PBXResourcesBuildPhase;
			buildActionMask = 2147483647;
			files = (
			);
			runOnlyForDeploymentPostprocessing = 0;
		};
/* End PBXResourcesBuildPhase section */

/* Begin PBXSourcesBuildPhase section */
		1AF9BBA821C5D0AC005BD397 /* Sources */ = {
			isa = PBXSourcesBuildPhase;
			buildActionMask = 2147483647;
			files = (
				1AF9BBB221C5D0AC005BD397 /* ViewController.swift in Sources */,
				1AF9BBB821C5D0AC005BD397 /* WeatherForecasting.xcdatamodeld in Sources */,
				1AF9BBB021C5D0AC005BD397 /* AppDelegate.swift in Sources */,
			);
			runOnlyForDeploymentPostprocessing = 0;
		};
		1AF9BBBF21C5D0AE005BD397 /* Sources */ = {
			isa = PBXSourcesBuildPhase;
			buildActionMask = 2147483647;
			files = (
				1AF9BBC821C5D0AE005BD397 /* WeatherForecastingTests.swift in Sources */,
			);
			runOnlyForDeploymentPostprocessing = 0;
		};
		1AF9BBCA21C5D0AE005BD397 /* Sources */ = {
			isa = PBXSourcesBuildPhase;
			buildActionMask = 2147483647;
			files = (
				1AF9BBD321C5D0AE005BD397 /* WeatherForecastingUITests.swift in Sources */,
			);
			runOnlyForDeploymentPostprocessing = 0;
		};
/* End PBXSourcesBuildPhase section */

/* Begin PBXTargetDependency section */
		1AF9BBC521C5D0AE005BD397 /* PBXTargetDependency */ = {
			isa = PBXTargetDependency;
			target = 1AF9BBAB21C5D0AC005BD397 /* WeatherForecasting */;
			targetProxy = 1AF9BBC421C5D0AE005BD397 /* PBXContainerItemProxy */;
		};
		1AF9BBD021C5D0AE005BD397 /* PBXTargetDependency */ = {
			isa = PBXTargetDependency;
			target = 1AF9BBAB21C5D0AC005BD397 /* WeatherForecasting */;
			targetProxy = 1AF9BBCF21C5D0AE005BD397 /* PBXContainerItemProxy */;
		};
/* End PBXTargetDependency section */

/* Begin PBXVariantGroup section */
		1AF9BBB321C5D0AC005BD397 /* Main.storyboard */ = {
			isa = PBXVariantGroup;
			children = (
				1AF9BBB421C5D0AC005BD397 /* Base */,
			);
			name = Main.storyboard;
			sourceTree = "<group>";
		};
		1AF9BBBB21C5D0AE005BD397 /* LaunchScreen.storyboard */ = {
			isa = PBXVariantGroup;
			children = (
				1AF9BBBC21C5D0AE005BD397 /* Base */,
			);
			name = LaunchScreen.storyboard;
			sourceTree = "<group>";
		};
/* End PBXVariantGroup section */

/* Begin XCBuildConfiguration section */
		1AF9BBD521C5D0AF005BD397 /* Debug */ = {
			isa = XCBuildConfiguration;
			buildSettings = {
				ALWAYS_SEARCH_USER_PATHS = NO;
				CLANG_ANALYZER_NONNULL = YES;
				CLANG_ANALYZER_NUMBER_OBJECT_CONVERSION = YES_AGGRESSIVE;
				CLANG_CXX_LANGUAGE_STANDARD = "gnu++14";
				CLANG_CXX_LIBRARY = "libc++";
				CLANG_ENABLE_MODULES = YES;
				CLANG_ENABLE_OBJC_ARC = YES;
				CLANG_ENABLE_OBJC_WEAK = YES;
				CLANG_WARN_BLOCK_CAPTURE_AUTORELEASING = YES;
				CLANG_WARN_BOOL_CONVERSION = YES;
				CLANG_WARN_COMMA = YES;
				CLANG_WARN_CONSTANT_CONVERSION = YES;
				CLANG_WARN_DEPRECATED_OBJC_IMPLEMENTATIONS = YES;
				CLANG_WARN_DIRECT_OBJC_ISA_USAGE = YES_ERROR;
				CLANG_WARN_DOCUMENTATION_COMMENTS = YES;
				CLANG_WARN_EMPTY_BODY = YES;
				CLANG_WARN_ENUM_CONVERSION = YES;
				CLANG_WARN_INFINITE_RECURSION = YES;
				CLANG_WARN_INT_CONVERSION = YES;
				CLANG_WARN_NON_LITERAL_NULL_CONVERSION = YES;
				CLANG_WARN_OBJC_IMPLICIT_RETAIN_SELF = YES;
				CLANG_WARN_OBJC_LITERAL_CONVERSION = YES;
				CLANG_WARN_OBJC_ROOT_CLASS = YES_ERROR;
				CLANG_WARN_RANGE_LOOP_ANALYSIS = YES;
				CLANG_WARN_STRICT_PROTOTYPES = YES;
				CLANG_WARN_SUSPICIOUS_MOVE = YES;
				CLANG_WARN_UNGUARDED_AVAILABILITY = YES_AGGRESSIVE;
				CLANG_WARN_UNREACHABLE_CODE = YES;
				CLANG_WARN__DUPLICATE_METHOD_MATCH = YES;
				CODE_SIGN_IDENTITY = "iPhone Developer";
				COPY_PHASE_STRIP = NO;
				DEBUG_INFORMATION_FORMAT = dwarf;
				ENABLE_STRICT_OBJC_MSGSEND = YES;
				ENABLE_TESTABILITY = YES;
				GCC_C_LANGUAGE_STANDARD = gnu11;
				GCC_DYNAMIC_NO_PIC = NO;
				GCC_NO_COMMON_BLOCKS = YES;
				GCC_OPTIMIZATION_LEVEL = 0;
				GCC_PREPROCESSOR_DEFINITIONS = (
					"DEBUG=1",
					"$(inherited)",
				);
				GCC_WARN_64_TO_32_BIT_CONVERSION = YES;
				GCC_WARN_ABOUT_RETURN_TYPE = YES_ERROR;
				GCC_WARN_UNDECLARED_SELECTOR = YES;
				GCC_WARN_UNINITIALIZED_AUTOS = YES_AGGRESSIVE;
				GCC_WARN_UNUSED_FUNCTION = YES;
				GCC_WARN_UNUSED_VARIABLE = YES;
				IPHONEOS_DEPLOYMENT_TARGET = 12.1;
				MTL_ENABLE_DEBUG_INFO = INCLUDE_SOURCE;
				MTL_FAST_MATH = YES;
				ONLY_ACTIVE_ARCH = YES;
				SDKROOT = iphoneos;
				SWIFT_ACTIVE_COMPILATION_CONDITIONS = DEBUG;
				SWIFT_OPTIMIZATION_LEVEL = "-Onone";
			};
			name = Debug;
		};
		1AF9BBD621C5D0AF005BD397 /* Release */ = {
			isa = XCBuildConfiguration;
			buildSettings = {
				ALWAYS_SEARCH_USER_PATHS = NO;
				CLANG_ANALYZER_NONNULL = YES;
				CLANG_ANALYZER_NUMBER_OBJECT_CONVERSION = YES_AGGRESSIVE;
				CLANG_CXX_LANGUAGE_STANDARD = "gnu++14";
				CLANG_CXX_LIBRARY = "libc++";
				CLANG_ENABLE_MODULES = YES;
				CLANG_ENABLE_OBJC_ARC = YES;
				CLANG_ENABLE_OBJC_WEAK = YES;
				CLANG_WARN_BLOCK_CAPTURE_AUTORELEASING = YES;
				CLANG_WARN_BOOL_CONVERSION = YES;
				CLANG_WARN_COMMA = YES;
				CLANG_WARN_CONSTANT_CONVERSION = YES;
				CLANG_WARN_DEPRECATED_OBJC_IMPLEMENTATIONS = YES;
				CLANG_WARN_DIRECT_OBJC_ISA_USAGE = YES_ERROR;
				CLANG_WARN_DOCUMENTATION_COMMENTS = YES;
				CLANG_WARN_EMPTY_BODY = YES;
				CLANG_WARN_ENUM_CONVERSION = YES;
				CLANG_WARN_INFINITE_RECURSION = YES;
				CLANG_WARN_INT_CONVERSION = YES;
				CLANG_WARN_NON_LITERAL_NULL_CONVERSION = YES;
				CLANG_WARN_OBJC_IMPLICIT_RETAIN_SELF = YES;
				CLANG_WARN_OBJC_LITERAL_CONVERSION = YES;
				CLANG_WARN_OBJC_ROOT_CLASS = YES_ERROR;
				CLANG_WARN_RANGE_LOOP_ANALYSIS = YES;
				CLANG_WARN_STRICT_PROTOTYPES = YES;
				CLANG_WARN_SUSPICIOUS_MOVE = YES;
				CLANG_WARN_UNGUARDED_AVAILABILITY = YES_AGGRESSIVE;
				CLANG_WARN_UNREACHABLE_CODE = YES;
				CLANG_WARN__DUPLICATE_METHOD_MATCH = YES;
				CODE_SIGN_IDENTITY = "iPhone Developer";
				COPY_PHASE_STRIP = NO;
				DEBUG_INFORMATION_FORMAT = "dwarf-with-dsym";
				ENABLE_NS_ASSERTIONS = NO;
				ENABLE_STRICT_OBJC_MSGSEND = YES;
				GCC_C_LANGUAGE_STANDARD = gnu11;
				GCC_NO_COMMON_BLOCKS = YES;
				GCC_WARN_64_TO_32_BIT_CONVERSION = YES;
				GCC_WARN_ABOUT_RETURN_TYPE = YES_ERROR;
				GCC_WARN_UNDECLARED_SELECTOR = YES;
				GCC_WARN_UNINITIALIZED_AUTOS = YES_AGGRESSIVE;
				GCC_WARN_UNUSED_FUNCTION = YES;
				GCC_WARN_UNUSED_VARIABLE = YES;
				IPHONEOS_DEPLOYMENT_TARGET = 12.1;
				MTL_ENABLE_DEBUG_INFO = NO;
				MTL_FAST_MATH = YES;
				SDKROOT = iphoneos;
				SWIFT_COMPILATION_MODE = wholemodule;
				SWIFT_OPTIMIZATION_LEVEL = "-O";
				VALIDATE_PRODUCT = YES;
			};
			name = Release;
		};
		1AF9BBD821C5D0AF005BD397 /* Debug */ = {
			isa = XCBuildConfiguration;
			buildSettings = {
				ASSETCATALOG_COMPILER_APPICON_NAME = AppIcon;
				CODE_SIGN_STYLE = Automatic;
				DEVELOPMENT_TEAM = 77FV36N6JL;
				INFOPLIST_FILE = WeatherForecasting/Info.plist;
				LD_RUNPATH_SEARCH_PATHS = (
					"$(inherited)",
					"@executable_path/Frameworks",
				);
				PRODUCT_BUNDLE_IDENTIFIER = jvpc.WeatherForecasting;
				PRODUCT_NAME = "$(TARGET_NAME)";
				SWIFT_VERSION = 4.2;
				TARGETED_DEVICE_FAMILY = "1,2";
			};
			name = Debug;
		};
		1AF9BBD921C5D0AF005BD397 /* Release */ = {
			isa = XCBuildConfiguration;
			buildSettings = {
				ASSETCATALOG_COMPILER_APPICON_NAME = AppIcon;
				CODE_SIGN_STYLE = Automatic;
				DEVELOPMENT_TEAM = 77FV36N6JL;
				INFOPLIST_FILE = WeatherForecasting/Info.plist;
				LD_RUNPATH_SEARCH_PATHS = (
					"$(inherited)",
					"@executable_path/Frameworks",
				);
				PRODUCT_BUNDLE_IDENTIFIER = jvpc.WeatherForecasting;
				PRODUCT_NAME = "$(TARGET_NAME)";
				SWIFT_VERSION = 4.2;
				TARGETED_DEVICE_FAMILY = "1,2";
			};
			name = Release;
		};
		1AF9BBDB21C5D0AF005BD397 /* Debug */ = {
			isa = XCBuildConfiguration;
			buildSettings = {
				ALWAYS_EMBED_SWIFT_STANDARD_LIBRARIES = YES;
				BUNDLE_LOADER = "$(TEST_HOST)";
				CODE_SIGN_STYLE = Automatic;
				DEVELOPMENT_TEAM = 77FV36N6JL;
				INFOPLIST_FILE = WeatherForecastingTests/Info.plist;
				LD_RUNPATH_SEARCH_PATHS = (
					"$(inherited)",
					"@executable_path/Frameworks",
					"@loader_path/Frameworks",
				);
				PRODUCT_BUNDLE_IDENTIFIER = jvpc.WeatherForecastingTests;
				PRODUCT_NAME = "$(TARGET_NAME)";
				SWIFT_VERSION = 4.2;
				TARGETED_DEVICE_FAMILY = "1,2";
				TEST_HOST = "$(BUILT_PRODUCTS_DIR)/WeatherForecasting.app/WeatherForecasting";
			};
			name = Debug;
		};
		1AF9BBDC21C5D0AF005BD397 /* Release */ = {
			isa = XCBuildConfiguration;
			buildSettings = {
				ALWAYS_EMBED_SWIFT_STANDARD_LIBRARIES = YES;
				BUNDLE_LOADER = "$(TEST_HOST)";
				CODE_SIGN_STYLE = Automatic;
				DEVELOPMENT_TEAM = 77FV36N6JL;
				INFOPLIST_FILE = WeatherForecastingTests/Info.plist;
				LD_RUNPATH_SEARCH_PATHS = (
					"$(inherited)",
					"@executable_path/Frameworks",
					"@loader_path/Frameworks",
				);
				PRODUCT_BUNDLE_IDENTIFIER = jvpc.WeatherForecastingTests;
				PRODUCT_NAME = "$(TARGET_NAME)";
				SWIFT_VERSION = 4.2;
				TARGETED_DEVICE_FAMILY = "1,2";
				TEST_HOST = "$(BUILT_PRODUCTS_DIR)/WeatherForecasting.app/WeatherForecasting";
			};
			name = Release;
		};
		1AF9BBDE21C5D0AF005BD397 /* Debug */ = {
			isa = XCBuildConfiguration;
			buildSettings = {
				ALWAYS_EMBED_SWIFT_STANDARD_LIBRARIES = YES;
				CODE_SIGN_STYLE = Automatic;
				DEVELOPMENT_TEAM = 77FV36N6JL;
				INFOPLIST_FILE = WeatherForecastingUITests/Info.plist;
				LD_RUNPATH_SEARCH_PATHS = (
					"$(inherited)",
					"@executable_path/Frameworks",
					"@loader_path/Frameworks",
				);
				PRODUCT_BUNDLE_IDENTIFIER = jvpc.WeatherForecastingUITests;
				PRODUCT_NAME = "$(TARGET_NAME)";
				SWIFT_VERSION = 4.2;
				TARGETED_DEVICE_FAMILY = "1,2";
				TEST_TARGET_NAME = WeatherForecasting;
			};
			name = Debug;
		};
		1AF9BBDF21C5D0AF005BD397 /* Release */ = {
			isa = XCBuildConfiguration;
			buildSettings = {
				ALWAYS_EMBED_SWIFT_STANDARD_LIBRARIES = YES;
				CODE_SIGN_STYLE = Automatic;
				DEVELOPMENT_TEAM = 77FV36N6JL;
				INFOPLIST_FILE = WeatherForecastingUITests/Info.plist;
				LD_RUNPATH_SEARCH_PATHS = (
					"$(inherited)",
					"@executable_path/Frameworks",
					"@loader_path/Frameworks",
				);
				PRODUCT_BUNDLE_IDENTIFIER = jvpc.WeatherForecastingUITests;
				PRODUCT_NAME = "$(TARGET_NAME)";
				SWIFT_VERSION = 4.2;
				TARGETED_DEVICE_FAMILY = "1,2";
				TEST_TARGET_NAME = WeatherForecasting;
			};
			name = Release;
		};
/* End XCBuildConfiguration section */

/* Begin XCConfigurationList section */
		1AF9BBA721C5D0AC005BD397 /* Build configuration list for PBXProject "WeatherForecasting" */ = {
			isa = XCConfigurationList;
			buildConfigurations = (
				1AF9BBD521C5D0AF005BD397 /* Debug */,
				1AF9BBD621C5D0AF005BD397 /* Release */,
			);
			defaultConfigurationIsVisible = 0;
			defaultConfigurationName = Release;
		};
		1AF9BBD721C5D0AF005BD397 /* Build configuration list for PBXNativeTarget "WeatherForecasting" */ = {
			isa = XCConfigurationList;
			buildConfigurations = (
				1AF9BBD821C5D0AF005BD397 /* Debug */,
				1AF9BBD921C5D0AF005BD397 /* Release */,
			);
			defaultConfigurationIsVisible = 0;
			defaultConfigurationName = Release;
		};
		1AF9BBDA21C5D0AF005BD397 /* Build configuration list for PBXNativeTarget "WeatherForecastingTests" */ = {
			isa = XCConfigurationList;
			buildConfigurations = (
				1AF9BBDB21C5D0AF005BD397 /* Debug */,
				1AF9BBDC21C5D0AF005BD397 /* Release */,
			);
			defaultConfigurationIsVisible = 0;
			defaultConfigurationName = Release;
		};
		1AF9BBDD21C5D0AF005BD397 /* Build configuration list for PBXNativeTarget "WeatherForecastingUITests" */ = {
			isa = XCConfigurationList;
			buildConfigurations = (
				1AF9BBDE21C5D0AF005BD397 /* Debug */,
				1AF9BBDF21C5D0AF005BD397 /* Release */,
			);
			defaultConfigurationIsVisible = 0;
			defaultConfigurationName = Release;
		};
/* End XCConfigurationList section */

/* Begin XCVersionGroup section */
		1AF9BBB621C5D0AC005BD397 /* WeatherForecasting.xcdatamodeld */ = {
			isa = XCVersionGroup;
			children = (
				1AF9BBB721C5D0AC005BD397 /* WeatherForecasting.xcdatamodel */,
			);
			currentVersion = 1AF9BBB721C5D0AC005BD397 /* WeatherForecasting.xcdatamodel */;
			path = WeatherForecasting.xcdatamodeld;
			sourceTree = "<group>";
			versionGroupType = wrapper.xcdatamodel;
		};
/* End XCVersionGroup section */
	};
	rootObject = 1AF9BBA421C5D0AC005BD397 /* Project object */;
}
